// !$*UTF8*$!
{
	archiveVersion = 1;
	classes = {
	};
	objectVersion = 56;
	objects = {

/* Begin PBXBuildFile section */
		414336CC2925015000696104 /* CurrencySelector.swift in Sources */ = {isa = PBXBuildFile; fileRef = 414336CB2925015000696104 /* CurrencySelector.swift */; };
		414336CE2925026C00696104 /* CurrencyConverterVM.swift in Sources */ = {isa = PBXBuildFile; fileRef = 414336CD2925026C00696104 /* CurrencyConverterVM.swift */; };
		414336D1292502B900696104 /* HttpRequest.swift in Sources */ = {isa = PBXBuildFile; fileRef = 414336D0292502B900696104 /* HttpRequest.swift */; };
		414336D3292503A800696104 /* Config.swift in Sources */ = {isa = PBXBuildFile; fileRef = 414336D2292503A800696104 /* Config.swift */; };
		414336D52925040700696104 /* HttpService.swift in Sources */ = {isa = PBXBuildFile; fileRef = 414336D42925040700696104 /* HttpService.swift */; };
		414336D72925042F00696104 /* CurrencyRequest.swift in Sources */ = {isa = PBXBuildFile; fileRef = 414336D62925042F00696104 /* CurrencyRequest.swift */; };
		414336DA292508DD00696104 /* CurrateResponse.swift in Sources */ = {isa = PBXBuildFile; fileRef = 414336D9292508DD00696104 /* CurrateResponse.swift */; };
		414336DD29250F2700696104 /* Collection+.swift in Sources */ = {isa = PBXBuildFile; fileRef = 414336DC29250F2700696104 /* Collection+.swift */; };
		414336DF2925129B00696104 /* CurrencyList.swift in Sources */ = {isa = PBXBuildFile; fileRef = 414336DE2925129B00696104 /* CurrencyList.swift */; };
		414336E129253FE400696104 /* Publisher+.swift in Sources */ = {isa = PBXBuildFile; fileRef = 414336E029253FE400696104 /* Publisher+.swift */; };
		4192573B2924CFAE00668023 /* Citadele_testApp.swift in Sources */ = {isa = PBXBuildFile; fileRef = 4192573A2924CFAE00668023 /* Citadele_testApp.swift */; };
		4192573F2924CFB000668023 /* Assets.xcassets in Resources */ = {isa = PBXBuildFile; fileRef = 4192573E2924CFB000668023 /* Assets.xcassets */; };
		419257432924CFB000668023 /* Preview Assets.xcassets in Resources */ = {isa = PBXBuildFile; fileRef = 419257422924CFB000668023 /* Preview Assets.xcassets */; };
		4192574D2924CFB000668023 /* Citadele_testTests.swift in Sources */ = {isa = PBXBuildFile; fileRef = 4192574C2924CFB000668023 /* Citadele_testTests.swift */; };
		419257572924CFB000668023 /* Citadele_testUITests.swift in Sources */ = {isa = PBXBuildFile; fileRef = 419257562924CFB000668023 /* Citadele_testUITests.swift */; };
		419257592924CFB000668023 /* Citadele_testUITestsLaunchTests.swift in Sources */ = {isa = PBXBuildFile; fileRef = 419257582924CFB000668023 /* Citadele_testUITestsLaunchTests.swift */; };
		419257682924D35B00668023 /* HomeScene.swift in Sources */ = {isa = PBXBuildFile; fileRef = 419257672924D35B00668023 /* HomeScene.swift */; };
		41941F8C29254EC700B0CC9D /* NumberFormatter+.swift in Sources */ = {isa = PBXBuildFile; fileRef = 41941F8B29254EC700B0CC9D /* NumberFormatter+.swift */; };
		41CDBB37292638E100971D16 /* RateCalculator.swift in Sources */ = {isa = PBXBuildFile; fileRef = 41CDBB36292638E100971D16 /* RateCalculator.swift */; };
		41CDBB3929263A4A00971D16 /* AlertManager.swift in Sources */ = {isa = PBXBuildFile; fileRef = 41CDBB3829263A4A00971D16 /* AlertManager.swift */; };
		41CDBB3C29263ABF00971D16 /* DIContainer.swift in Sources */ = {isa = PBXBuildFile; fileRef = 41CDBB3B29263ABF00971D16 /* DIContainer.swift */; };
		41CDBB3E29264B3400971D16 /* CurrencyRateService.swift in Sources */ = {isa = PBXBuildFile; fileRef = 41CDBB3D29264B3400971D16 /* CurrencyRateService.swift */; };
		D2B05DF4553B5602A970B24B /* Pods_Citadele_test.framework in Frameworks */ = {isa = PBXBuildFile; fileRef = F52409872A26690ED6CA941C /* Pods_Citadele_test.framework */; };
		DE5B4C891BF790AB6DD04D57 /* Pods_Citadele_testTests.framework in Frameworks */ = {isa = PBXBuildFile; fileRef = 52E50F94A7D1D4343757F3E9 /* Pods_Citadele_testTests.framework */; };
		FC5BE985D799F20692CA470C /* Pods_Citadele_test_Citadele_testUITests.framework in Frameworks */ = {isa = PBXBuildFile; fileRef = 151B9B53B23E16D9D50ED1E1 /* Pods_Citadele_test_Citadele_testUITests.framework */; };
/* End PBXBuildFile section */

/* Begin PBXContainerItemProxy section */
		419257492924CFB000668023 /* PBXContainerItemProxy */ = {
			isa = PBXContainerItemProxy;
			containerPortal = 4192572F2924CFAE00668023 /* Project object */;
			proxyType = 1;
			remoteGlobalIDString = 419257362924CFAE00668023;
			remoteInfo = "Citadele-test";
		};
		419257532924CFB000668023 /* PBXContainerItemProxy */ = {
			isa = PBXContainerItemProxy;
			containerPortal = 4192572F2924CFAE00668023 /* Project object */;
			proxyType = 1;
			remoteGlobalIDString = 419257362924CFAE00668023;
			remoteInfo = "Citadele-test";
		};
/* End PBXContainerItemProxy section */

/* Begin PBXFileReference section */
		0F6B52B83B7D0AFE13805E16 /* Pods-Citadele-test-Citadele-testUITests.release.xcconfig */ = {isa = PBXFileReference; includeInIndex = 1; lastKnownFileType = text.xcconfig; name = "Pods-Citadele-test-Citadele-testUITests.release.xcconfig"; path = "Target Support Files/Pods-Citadele-test-Citadele-testUITests/Pods-Citadele-test-Citadele-testUITests.release.xcconfig"; sourceTree = "<group>"; };
		151B9B53B23E16D9D50ED1E1 /* Pods_Citadele_test_Citadele_testUITests.framework */ = {isa = PBXFileReference; explicitFileType = wrapper.framework; includeInIndex = 0; path = Pods_Citadele_test_Citadele_testUITests.framework; sourceTree = BUILT_PRODUCTS_DIR; };
		21AE00C05190E6928CAE3D76 /* Pods-Citadele-testTests.debug.xcconfig */ = {isa = PBXFileReference; includeInIndex = 1; lastKnownFileType = text.xcconfig; name = "Pods-Citadele-testTests.debug.xcconfig"; path = "Target Support Files/Pods-Citadele-testTests/Pods-Citadele-testTests.debug.xcconfig"; sourceTree = "<group>"; };
		414336CB2925015000696104 /* CurrencySelector.swift */ = {isa = PBXFileReference; lastKnownFileType = sourcecode.swift; path = CurrencySelector.swift; sourceTree = "<group>"; };
		414336CD2925026C00696104 /* CurrencyConverterVM.swift */ = {isa = PBXFileReference; lastKnownFileType = sourcecode.swift; path = CurrencyConverterVM.swift; sourceTree = "<group>"; };
		414336D0292502B900696104 /* HttpRequest.swift */ = {isa = PBXFileReference; lastKnownFileType = sourcecode.swift; path = HttpRequest.swift; sourceTree = "<group>"; };
		414336D2292503A800696104 /* Config.swift */ = {isa = PBXFileReference; lastKnownFileType = sourcecode.swift; path = Config.swift; sourceTree = "<group>"; };
		414336D42925040700696104 /* HttpService.swift */ = {isa = PBXFileReference; lastKnownFileType = sourcecode.swift; path = HttpService.swift; sourceTree = "<group>"; };
		414336D62925042F00696104 /* CurrencyRequest.swift */ = {isa = PBXFileReference; lastKnownFileType = sourcecode.swift; path = CurrencyRequest.swift; sourceTree = "<group>"; };
		414336D9292508DD00696104 /* CurrateResponse.swift */ = {isa = PBXFileReference; lastKnownFileType = sourcecode.swift; path = CurrateResponse.swift; sourceTree = "<group>"; };
		414336DC29250F2700696104 /* Collection+.swift */ = {isa = PBXFileReference; lastKnownFileType = sourcecode.swift; path = "Collection+.swift"; sourceTree = "<group>"; };
		414336DE2925129B00696104 /* CurrencyList.swift */ = {isa = PBXFileReference; lastKnownFileType = sourcecode.swift; path = CurrencyList.swift; sourceTree = "<group>"; };
		414336E029253FE400696104 /* Publisher+.swift */ = {isa = PBXFileReference; lastKnownFileType = sourcecode.swift; path = "Publisher+.swift"; sourceTree = "<group>"; };
		419257372924CFAE00668023 /* Citadele-test.app */ = {isa = PBXFileReference; explicitFileType = wrapper.application; includeInIndex = 0; path = "Citadele-test.app"; sourceTree = BUILT_PRODUCTS_DIR; };
		4192573A2924CFAE00668023 /* Citadele_testApp.swift */ = {isa = PBXFileReference; lastKnownFileType = sourcecode.swift; path = Citadele_testApp.swift; sourceTree = "<group>"; };
		4192573E2924CFB000668023 /* Assets.xcassets */ = {isa = PBXFileReference; lastKnownFileType = folder.assetcatalog; path = Assets.xcassets; sourceTree = "<group>"; };
		419257402924CFB000668023 /* Citadele_test.entitlements */ = {isa = PBXFileReference; lastKnownFileType = text.plist.entitlements; path = Citadele_test.entitlements; sourceTree = "<group>"; };
		419257422924CFB000668023 /* Preview Assets.xcassets */ = {isa = PBXFileReference; lastKnownFileType = folder.assetcatalog; path = "Preview Assets.xcassets"; sourceTree = "<group>"; };
		419257482924CFB000668023 /* Citadele-testTests.xctest */ = {isa = PBXFileReference; explicitFileType = wrapper.cfbundle; includeInIndex = 0; path = "Citadele-testTests.xctest"; sourceTree = BUILT_PRODUCTS_DIR; };
		4192574C2924CFB000668023 /* Citadele_testTests.swift */ = {isa = PBXFileReference; lastKnownFileType = sourcecode.swift; path = Citadele_testTests.swift; sourceTree = "<group>"; };
		419257522924CFB000668023 /* Citadele-testUITests.xctest */ = {isa = PBXFileReference; explicitFileType = wrapper.cfbundle; includeInIndex = 0; path = "Citadele-testUITests.xctest"; sourceTree = BUILT_PRODUCTS_DIR; };
		419257562924CFB000668023 /* Citadele_testUITests.swift */ = {isa = PBXFileReference; lastKnownFileType = sourcecode.swift; path = Citadele_testUITests.swift; sourceTree = "<group>"; };
		419257582924CFB000668023 /* Citadele_testUITestsLaunchTests.swift */ = {isa = PBXFileReference; lastKnownFileType = sourcecode.swift; path = Citadele_testUITestsLaunchTests.swift; sourceTree = "<group>"; };
		419257672924D35B00668023 /* HomeScene.swift */ = {isa = PBXFileReference; lastKnownFileType = sourcecode.swift; path = HomeScene.swift; sourceTree = "<group>"; };
		41941F8B29254EC700B0CC9D /* NumberFormatter+.swift */ = {isa = PBXFileReference; lastKnownFileType = sourcecode.swift; path = "NumberFormatter+.swift"; sourceTree = "<group>"; };
		41CDBB36292638E100971D16 /* RateCalculator.swift */ = {isa = PBXFileReference; lastKnownFileType = sourcecode.swift; path = RateCalculator.swift; sourceTree = "<group>"; };
		41CDBB3829263A4A00971D16 /* AlertManager.swift */ = {isa = PBXFileReference; lastKnownFileType = sourcecode.swift; path = AlertManager.swift; sourceTree = "<group>"; };
		41CDBB3B29263ABF00971D16 /* DIContainer.swift */ = {isa = PBXFileReference; lastKnownFileType = sourcecode.swift; path = DIContainer.swift; sourceTree = "<group>"; };
		41CDBB3D29264B3400971D16 /* CurrencyRateService.swift */ = {isa = PBXFileReference; lastKnownFileType = sourcecode.swift; path = CurrencyRateService.swift; sourceTree = "<group>"; };
		52E50F94A7D1D4343757F3E9 /* Pods_Citadele_testTests.framework */ = {isa = PBXFileReference; explicitFileType = wrapper.framework; includeInIndex = 0; path = Pods_Citadele_testTests.framework; sourceTree = BUILT_PRODUCTS_DIR; };
		918C15B742B28F80D313ACBE /* Pods-Citadele-test-Citadele-testUITests.debug.xcconfig */ = {isa = PBXFileReference; includeInIndex = 1; lastKnownFileType = text.xcconfig; name = "Pods-Citadele-test-Citadele-testUITests.debug.xcconfig"; path = "Target Support Files/Pods-Citadele-test-Citadele-testUITests/Pods-Citadele-test-Citadele-testUITests.debug.xcconfig"; sourceTree = "<group>"; };
		AD305BD229036B67B053FF3A /* Pods-Citadele-test.release.xcconfig */ = {isa = PBXFileReference; includeInIndex = 1; lastKnownFileType = text.xcconfig; name = "Pods-Citadele-test.release.xcconfig"; path = "Target Support Files/Pods-Citadele-test/Pods-Citadele-test.release.xcconfig"; sourceTree = "<group>"; };
		AF9ECCAC873F261D95DE43BA /* Pods-Citadele-test.debug.xcconfig */ = {isa = PBXFileReference; includeInIndex = 1; lastKnownFileType = text.xcconfig; name = "Pods-Citadele-test.debug.xcconfig"; path = "Target Support Files/Pods-Citadele-test/Pods-Citadele-test.debug.xcconfig"; sourceTree = "<group>"; };
		BDC4B74446BBDB20155B935B /* Pods-Citadele-testTests.release.xcconfig */ = {isa = PBXFileReference; includeInIndex = 1; lastKnownFileType = text.xcconfig; name = "Pods-Citadele-testTests.release.xcconfig"; path = "Target Support Files/Pods-Citadele-testTests/Pods-Citadele-testTests.release.xcconfig"; sourceTree = "<group>"; };
		F52409872A26690ED6CA941C /* Pods_Citadele_test.framework */ = {isa = PBXFileReference; explicitFileType = wrapper.framework; includeInIndex = 0; path = Pods_Citadele_test.framework; sourceTree = BUILT_PRODUCTS_DIR; };
/* End PBXFileReference section */

/* Begin PBXFrameworksBuildPhase section */
		419257342924CFAE00668023 /* Frameworks */ = {
			isa = PBXFrameworksBuildPhase;
			buildActionMask = 2147483647;
			files = (
				D2B05DF4553B5602A970B24B /* Pods_Citadele_test.framework in Frameworks */,
			);
			runOnlyForDeploymentPostprocessing = 0;
		};
		419257452924CFB000668023 /* Frameworks */ = {
			isa = PBXFrameworksBuildPhase;
			buildActionMask = 2147483647;
			files = (
				DE5B4C891BF790AB6DD04D57 /* Pods_Citadele_testTests.framework in Frameworks */,
			);
			runOnlyForDeploymentPostprocessing = 0;
		};
		4192574F2924CFB000668023 /* Frameworks */ = {
			isa = PBXFrameworksBuildPhase;
			buildActionMask = 2147483647;
			files = (
				FC5BE985D799F20692CA470C /* Pods_Citadele_test_Citadele_testUITests.framework in Frameworks */,
			);
			runOnlyForDeploymentPostprocessing = 0;
		};
/* End PBXFrameworksBuildPhase section */

/* Begin PBXGroup section */
		414336CF2925029F00696104 /* Networking */ = {
			isa = PBXGroup;
			children = (
				414336D8292508D100696104 /* Model */,
				414336D0292502B900696104 /* HttpRequest.swift */,
				414336D42925040700696104 /* HttpService.swift */,
				414336D62925042F00696104 /* CurrencyRequest.swift */,
				41CDBB3D29264B3400971D16 /* CurrencyRateService.swift */,
			);
			path = Networking;
			sourceTree = "<group>";
		};
		414336D8292508D100696104 /* Model */ = {
			isa = PBXGroup;
			children = (
				414336D9292508DD00696104 /* CurrateResponse.swift */,
			);
			path = Model;
			sourceTree = "<group>";
		};
		414336DB29250F1A00696104 /* Utils */ = {
			isa = PBXGroup;
			children = (
				414336DC29250F2700696104 /* Collection+.swift */,
				414336E029253FE400696104 /* Publisher+.swift */,
				41941F8B29254EC700B0CC9D /* NumberFormatter+.swift */,
			);
			path = Utils;
			sourceTree = "<group>";
		};
		4192572E2924CFAE00668023 = {
			isa = PBXGroup;
			children = (
				419257392924CFAE00668023 /* Citadele-test */,
				4192574B2924CFB000668023 /* Citadele-testTests */,
				419257552924CFB000668023 /* Citadele-testUITests */,
				419257382924CFAE00668023 /* Products */,
				4BF5C6AC01FC85B085487653 /* Pods */,
				51FE855B8E7D38DF8E18C6BF /* Frameworks */,
			);
			sourceTree = "<group>";
		};
		419257382924CFAE00668023 /* Products */ = {
			isa = PBXGroup;
			children = (
				419257372924CFAE00668023 /* Citadele-test.app */,
				419257482924CFB000668023 /* Citadele-testTests.xctest */,
				419257522924CFB000668023 /* Citadele-testUITests.xctest */,
			);
			name = Products;
			sourceTree = "<group>";
		};
		419257392924CFAE00668023 /* Citadele-test */ = {
			isa = PBXGroup;
			children = (
				41CDBB3A29263AB100971D16 /* Services */,
				414336DB29250F1A00696104 /* Utils */,
				414336CF2925029F00696104 /* Networking */,
				419257662924D34800668023 /* Scene */,
				4192576C292500EC00668023 /* UI */,
				4192573A2924CFAE00668023 /* Citadele_testApp.swift */,
				4192573E2924CFB000668023 /* Assets.xcassets */,
				419257402924CFB000668023 /* Citadele_test.entitlements */,
				419257412924CFB000668023 /* Preview Content */,
				414336D2292503A800696104 /* Config.swift */,
			);
			path = "Citadele-test";
			sourceTree = "<group>";
		};
		419257412924CFB000668023 /* Preview Content */ = {
			isa = PBXGroup;
			children = (
				419257422924CFB000668023 /* Preview Assets.xcassets */,
			);
			path = "Preview Content";
			sourceTree = "<group>";
		};
		4192574B2924CFB000668023 /* Citadele-testTests */ = {
			isa = PBXGroup;
			children = (
				4192574C2924CFB000668023 /* Citadele_testTests.swift */,
			);
			path = "Citadele-testTests";
			sourceTree = "<group>";
		};
		419257552924CFB000668023 /* Citadele-testUITests */ = {
			isa = PBXGroup;
			children = (
				419257562924CFB000668023 /* Citadele_testUITests.swift */,
				419257582924CFB000668023 /* Citadele_testUITestsLaunchTests.swift */,
			);
			path = "Citadele-testUITests";
			sourceTree = "<group>";
		};
		419257662924D34800668023 /* Scene */ = {
			isa = PBXGroup;
			children = (
				41CDBB35292638B700971D16 /* CurrencyConverter */,
			);
			path = Scene;
			sourceTree = "<group>";
		};
		4192576C292500EC00668023 /* UI */ = {
			isa = PBXGroup;
			children = (
				4192576D292500FC00668023 /* Components */,
				41CDBB3829263A4A00971D16 /* AlertManager.swift */,
			);
			path = UI;
			sourceTree = "<group>";
		};
		4192576D292500FC00668023 /* Components */ = {
			isa = PBXGroup;
			children = (
				414336CB2925015000696104 /* CurrencySelector.swift */,
			);
			path = Components;
			sourceTree = "<group>";
		};
		41CDBB35292638B700971D16 /* CurrencyConverter */ = {
			isa = PBXGroup;
			children = (
				419257672924D35B00668023 /* HomeScene.swift */,
				414336CD2925026C00696104 /* CurrencyConverterVM.swift */,
				414336DE2925129B00696104 /* CurrencyList.swift */,
				41CDBB36292638E100971D16 /* RateCalculator.swift */,
			);
			path = CurrencyConverter;
			sourceTree = "<group>";
		};
		41CDBB3A29263AB100971D16 /* Services */ = {
			isa = PBXGroup;
			children = (
				41CDBB3B29263ABF00971D16 /* DIContainer.swift */,
			);
			path = Services;
			sourceTree = "<group>";
		};
		4BF5C6AC01FC85B085487653 /* Pods */ = {
			isa = PBXGroup;
			children = (
				AF9ECCAC873F261D95DE43BA /* Pods-Citadele-test.debug.xcconfig */,
				AD305BD229036B67B053FF3A /* Pods-Citadele-test.release.xcconfig */,
				918C15B742B28F80D313ACBE /* Pods-Citadele-test-Citadele-testUITests.debug.xcconfig */,
				0F6B52B83B7D0AFE13805E16 /* Pods-Citadele-test-Citadele-testUITests.release.xcconfig */,
				21AE00C05190E6928CAE3D76 /* Pods-Citadele-testTests.debug.xcconfig */,
				BDC4B74446BBDB20155B935B /* Pods-Citadele-testTests.release.xcconfig */,
			);
			path = Pods;
			sourceTree = "<group>";
		};
		51FE855B8E7D38DF8E18C6BF /* Frameworks */ = {
			isa = PBXGroup;
			children = (
				F52409872A26690ED6CA941C /* Pods_Citadele_test.framework */,
				151B9B53B23E16D9D50ED1E1 /* Pods_Citadele_test_Citadele_testUITests.framework */,
				52E50F94A7D1D4343757F3E9 /* Pods_Citadele_testTests.framework */,
			);
			name = Frameworks;
			sourceTree = "<group>";
		};
/* End PBXGroup section */

/* Begin PBXNativeTarget section */
		419257362924CFAE00668023 /* Citadele-test */ = {
			isa = PBXNativeTarget;
			buildConfigurationList = 4192575C2924CFB000668023 /* Build configuration list for PBXNativeTarget "Citadele-test" */;
			buildPhases = (
				D493DB69064AC731096E94F4 /* [CP] Check Pods Manifest.lock */,
				419257652924D2D300668023 /* Swift format */,
				419257332924CFAE00668023 /* Sources */,
				419257342924CFAE00668023 /* Frameworks */,
				419257352924CFAE00668023 /* Resources */,
				F4BD142BDF0EC244104891B5 /* [CP] Embed Pods Frameworks */,
			);
			buildRules = (
			);
			dependencies = (
			);
			name = "Citadele-test";
			productName = "Citadele-test";
			productReference = 419257372924CFAE00668023 /* Citadele-test.app */;
			productType = "com.apple.product-type.application";
		};
		419257472924CFB000668023 /* Citadele-testTests */ = {
			isa = PBXNativeTarget;
			buildConfigurationList = 4192575F2924CFB000668023 /* Build configuration list for PBXNativeTarget "Citadele-testTests" */;
			buildPhases = (
				E52BA527076650DE4F28895B /* [CP] Check Pods Manifest.lock */,
				419257442924CFB000668023 /* Sources */,
				419257452924CFB000668023 /* Frameworks */,
				419257462924CFB000668023 /* Resources */,
			);
			buildRules = (
			);
			dependencies = (
				4192574A2924CFB000668023 /* PBXTargetDependency */,
			);
			name = "Citadele-testTests";
			productName = "Citadele-testTests";
			productReference = 419257482924CFB000668023 /* Citadele-testTests.xctest */;
			productType = "com.apple.product-type.bundle.unit-test";
		};
		419257512924CFB000668023 /* Citadele-testUITests */ = {
			isa = PBXNativeTarget;
			buildConfigurationList = 419257622924CFB000668023 /* Build configuration list for PBXNativeTarget "Citadele-testUITests" */;
			buildPhases = (
				3135BBE4C5BDF4E1B8B6BE56 /* [CP] Check Pods Manifest.lock */,
				4192574E2924CFB000668023 /* Sources */,
				4192574F2924CFB000668023 /* Frameworks */,
				419257502924CFB000668023 /* Resources */,
				B8D3F7E72B53AD355DD7E8D5 /* [CP] Embed Pods Frameworks */,
			);
			buildRules = (
			);
			dependencies = (
				419257542924CFB000668023 /* PBXTargetDependency */,
			);
			name = "Citadele-testUITests";
			productName = "Citadele-testUITests";
			productReference = 419257522924CFB000668023 /* Citadele-testUITests.xctest */;
			productType = "com.apple.product-type.bundle.ui-testing";
		};
/* End PBXNativeTarget section */

/* Begin PBXProject section */
		4192572F2924CFAE00668023 /* Project object */ = {
			isa = PBXProject;
			attributes = {
				BuildIndependentTargetsInParallel = 1;
				LastSwiftUpdateCheck = 1400;
				LastUpgradeCheck = 1400;
				TargetAttributes = {
					419257362924CFAE00668023 = {
						CreatedOnToolsVersion = 14.0;
					};
					419257472924CFB000668023 = {
						CreatedOnToolsVersion = 14.0;
						TestTargetID = 419257362924CFAE00668023;
					};
					419257512924CFB000668023 = {
						CreatedOnToolsVersion = 14.0;
						TestTargetID = 419257362924CFAE00668023;
					};
				};
			};
			buildConfigurationList = 419257322924CFAE00668023 /* Build configuration list for PBXProject "Citadele-test" */;
			compatibilityVersion = "Xcode 14.0";
			developmentRegion = en;
			hasScannedForEncodings = 0;
			knownRegions = (
				en,
				Base,
			);
			mainGroup = 4192572E2924CFAE00668023;
			productRefGroup = 419257382924CFAE00668023 /* Products */;
			projectDirPath = "";
			projectRoot = "";
			targets = (
				419257362924CFAE00668023 /* Citadele-test */,
				419257472924CFB000668023 /* Citadele-testTests */,
				419257512924CFB000668023 /* Citadele-testUITests */,
			);
		};
/* End PBXProject section */

/* Begin PBXResourcesBuildPhase section */
		419257352924CFAE00668023 /* Resources */ = {
			isa = PBXResourcesBuildPhase;
			buildActionMask = 2147483647;
			files = (
				419257432924CFB000668023 /* Preview Assets.xcassets in Resources */,
				4192573F2924CFB000668023 /* Assets.xcassets in Resources */,
			);
			runOnlyForDeploymentPostprocessing = 0;
		};
		419257462924CFB000668023 /* Resources */ = {
			isa = PBXResourcesBuildPhase;
			buildActionMask = 2147483647;
			files = (
			);
			runOnlyForDeploymentPostprocessing = 0;
		};
		419257502924CFB000668023 /* Resources */ = {
			isa = PBXResourcesBuildPhase;
			buildActionMask = 2147483647;
			files = (
			);
			runOnlyForDeploymentPostprocessing = 0;
		};
/* End PBXResourcesBuildPhase section */

/* Begin PBXShellScriptBuildPhase section */
		3135BBE4C5BDF4E1B8B6BE56 /* [CP] Check Pods Manifest.lock */ = {
			isa = PBXShellScriptBuildPhase;
			buildActionMask = 2147483647;
			files = (
			);
			inputFileListPaths = (
			);
			inputPaths = (
				"${PODS_PODFILE_DIR_PATH}/Podfile.lock",
				"${PODS_ROOT}/Manifest.lock",
			);
			name = "[CP] Check Pods Manifest.lock";
			outputFileListPaths = (
			);
			outputPaths = (
				"$(DERIVED_FILE_DIR)/Pods-Citadele-test-Citadele-testUITests-checkManifestLockResult.txt",
			);
			runOnlyForDeploymentPostprocessing = 0;
			shellPath = /bin/sh;
			shellScript = "diff \"${PODS_PODFILE_DIR_PATH}/Podfile.lock\" \"${PODS_ROOT}/Manifest.lock\" > /dev/null\nif [ $? != 0 ] ; then\n    # print error to STDERR\n    echo \"error: The sandbox is not in sync with the Podfile.lock. Run 'pod install' or update your CocoaPods installation.\" >&2\n    exit 1\nfi\n# This output is used by Xcode 'outputs' to avoid re-running this script phase.\necho \"SUCCESS\" > \"${SCRIPT_OUTPUT_FILE_0}\"\n";
			showEnvVarsInLog = 0;
		};
		419257652924D2D300668023 /* Swift format */ = {
			isa = PBXShellScriptBuildPhase;
			buildActionMask = 2147483647;
			files = (
			);
			inputFileListPaths = (
			);
			inputPaths = (
			);
			name = "Swift format";
			outputFileListPaths = (
			);
			outputPaths = (
			);
			runOnlyForDeploymentPostprocessing = 0;
			shellPath = /bin/sh;
			shellScript = "\"${PODS_ROOT}/SwiftFormat/CommandLineTool/swiftformat\" \"$SRCROOT\" \"--config\" \"$SRCROOT/config.swiftformat\"\n";
		};
		B8D3F7E72B53AD355DD7E8D5 /* [CP] Embed Pods Frameworks */ = {
			isa = PBXShellScriptBuildPhase;
			buildActionMask = 2147483647;
			files = (
			);
			inputFileListPaths = (
				"${PODS_ROOT}/Target Support Files/Pods-Citadele-test-Citadele-testUITests/Pods-Citadele-test-Citadele-testUITests-frameworks-${CONFIGURATION}-input-files.xcfilelist",
			);
			name = "[CP] Embed Pods Frameworks";
			outputFileListPaths = (
				"${PODS_ROOT}/Target Support Files/Pods-Citadele-test-Citadele-testUITests/Pods-Citadele-test-Citadele-testUITests-frameworks-${CONFIGURATION}-output-files.xcfilelist",
			);
			runOnlyForDeploymentPostprocessing = 0;
			shellPath = /bin/sh;
			shellScript = "\"${PODS_ROOT}/Target Support Files/Pods-Citadele-test-Citadele-testUITests/Pods-Citadele-test-Citadele-testUITests-frameworks.sh\"\n";
			showEnvVarsInLog = 0;
		};
		D493DB69064AC731096E94F4 /* [CP] Check Pods Manifest.lock */ = {
			isa = PBXShellScriptBuildPhase;
			buildActionMask = 2147483647;
			files = (
			);
			inputFileListPaths = (
			);
			inputPaths = (
				"${PODS_PODFILE_DIR_PATH}/Podfile.lock",
				"${PODS_ROOT}/Manifest.lock",
			);
			name = "[CP] Check Pods Manifest.lock";
			outputFileListPaths = (
			);
			outputPaths = (
				"$(DERIVED_FILE_DIR)/Pods-Citadele-test-checkManifestLockResult.txt",
			);
			runOnlyForDeploymentPostprocessing = 0;
			shellPath = /bin/sh;
			shellScript = "diff \"${PODS_PODFILE_DIR_PATH}/Podfile.lock\" \"${PODS_ROOT}/Manifest.lock\" > /dev/null\nif [ $? != 0 ] ; then\n    # print error to STDERR\n    echo \"error: The sandbox is not in sync with the Podfile.lock. Run 'pod install' or update your CocoaPods installation.\" >&2\n    exit 1\nfi\n# This output is used by Xcode 'outputs' to avoid re-running this script phase.\necho \"SUCCESS\" > \"${SCRIPT_OUTPUT_FILE_0}\"\n";
			showEnvVarsInLog = 0;
		};
		E52BA527076650DE4F28895B /* [CP] Check Pods Manifest.lock */ = {
			isa = PBXShellScriptBuildPhase;
			buildActionMask = 2147483647;
			files = (
			);
			inputFileListPaths = (
			);
			inputPaths = (
				"${PODS_PODFILE_DIR_PATH}/Podfile.lock",
				"${PODS_ROOT}/Manifest.lock",
			);
			name = "[CP] Check Pods Manifest.lock";
			outputFileListPaths = (
			);
			outputPaths = (
				"$(DERIVED_FILE_DIR)/Pods-Citadele-testTests-checkManifestLockResult.txt",
			);
			runOnlyForDeploymentPostprocessing = 0;
			shellPath = /bin/sh;
			shellScript = "diff \"${PODS_PODFILE_DIR_PATH}/Podfile.lock\" \"${PODS_ROOT}/Manifest.lock\" > /dev/null\nif [ $? != 0 ] ; then\n    # print error to STDERR\n    echo \"error: The sandbox is not in sync with the Podfile.lock. Run 'pod install' or update your CocoaPods installation.\" >&2\n    exit 1\nfi\n# This output is used by Xcode 'outputs' to avoid re-running this script phase.\necho \"SUCCESS\" > \"${SCRIPT_OUTPUT_FILE_0}\"\n";
			showEnvVarsInLog = 0;
		};
		F4BD142BDF0EC244104891B5 /* [CP] Embed Pods Frameworks */ = {
			isa = PBXShellScriptBuildPhase;
			buildActionMask = 2147483647;
			files = (
			);
			inputFileListPaths = (
				"${PODS_ROOT}/Target Support Files/Pods-Citadele-test/Pods-Citadele-test-frameworks-${CONFIGURATION}-input-files.xcfilelist",
			);
			name = "[CP] Embed Pods Frameworks";
			outputFileListPaths = (
				"${PODS_ROOT}/Target Support Files/Pods-Citadele-test/Pods-Citadele-test-frameworks-${CONFIGURATION}-output-files.xcfilelist",
			);
			runOnlyForDeploymentPostprocessing = 0;
			shellPath = /bin/sh;
			shellScript = "\"${PODS_ROOT}/Target Support Files/Pods-Citadele-test/Pods-Citadele-test-frameworks.sh\"\n";
			showEnvVarsInLog = 0;
		};
/* End PBXShellScriptBuildPhase section */

/* Begin PBXSourcesBuildPhase section */
		419257332924CFAE00668023 /* Sources */ = {
			isa = PBXSourcesBuildPhase;
			buildActionMask = 2147483647;
			files = (
				419257682924D35B00668023 /* HomeScene.swift in Sources */,
				414336E129253FE400696104 /* Publisher+.swift in Sources */,
				41CDBB3929263A4A00971D16 /* AlertManager.swift in Sources */,
				414336DD29250F2700696104 /* Collection+.swift in Sources */,
				41CDBB3E29264B3400971D16 /* CurrencyRateService.swift in Sources */,
				414336DA292508DD00696104 /* CurrateResponse.swift in Sources */,
				41941F8C29254EC700B0CC9D /* NumberFormatter+.swift in Sources */,
				414336D1292502B900696104 /* HttpRequest.swift in Sources */,
				414336CC2925015000696104 /* CurrencySelector.swift in Sources */,
				414336CE2925026C00696104 /* CurrencyConverterVM.swift in Sources */,
				414336D72925042F00696104 /* CurrencyRequest.swift in Sources */,
				414336DF2925129B00696104 /* CurrencyList.swift in Sources */,
				4192573B2924CFAE00668023 /* Citadele_testApp.swift in Sources */,
				41CDBB3C29263ABF00971D16 /* DIContainer.swift in Sources */,
				41CDBB37292638E100971D16 /* RateCalculator.swift in Sources */,
				414336D3292503A800696104 /* Config.swift in Sources */,
				414336D52925040700696104 /* HttpService.swift in Sources */,
			);
			runOnlyForDeploymentPostprocessing = 0;
		};
		419257442924CFB000668023 /* Sources */ = {
			isa = PBXSourcesBuildPhase;
			buildActionMask = 2147483647;
			files = (
				4192574D2924CFB000668023 /* Citadele_testTests.swift in Sources */,
			);
			runOnlyForDeploymentPostprocessing = 0;
		};
		4192574E2924CFB000668023 /* Sources */ = {
			isa = PBXSourcesBuildPhase;
			buildActionMask = 2147483647;
			files = (
				419257572924CFB000668023 /* Citadele_testUITests.swift in Sources */,
				419257592924CFB000668023 /* Citadele_testUITestsLaunchTests.swift in Sources */,
			);
			runOnlyForDeploymentPostprocessing = 0;
		};
/* End PBXSourcesBuildPhase section */

/* Begin PBXTargetDependency section */
		4192574A2924CFB000668023 /* PBXTargetDependency */ = {
			isa = PBXTargetDependency;
			target = 419257362924CFAE00668023 /* Citadele-test */;
			targetProxy = 419257492924CFB000668023 /* PBXContainerItemProxy */;
		};
		419257542924CFB000668023 /* PBXTargetDependency */ = {
			isa = PBXTargetDependency;
			target = 419257362924CFAE00668023 /* Citadele-test */;
			targetProxy = 419257532924CFB000668023 /* PBXContainerItemProxy */;
		};
/* End PBXTargetDependency section */

/* Begin XCBuildConfiguration section */
		4192575A2924CFB000668023 /* Debug */ = {
			isa = XCBuildConfiguration;
			buildSettings = {
				ALWAYS_SEARCH_USER_PATHS = NO;
				CLANG_ANALYZER_NONNULL = YES;
				CLANG_ANALYZER_NUMBER_OBJECT_CONVERSION = YES_AGGRESSIVE;
				CLANG_CXX_LANGUAGE_STANDARD = "gnu++20";
				CLANG_ENABLE_MODULES = YES;
				CLANG_ENABLE_OBJC_ARC = YES;
				CLANG_ENABLE_OBJC_WEAK = YES;
				CLANG_WARN_BLOCK_CAPTURE_AUTORELEASING = YES;
				CLANG_WARN_BOOL_CONVERSION = YES;
				CLANG_WARN_COMMA = YES;
				CLANG_WARN_CONSTANT_CONVERSION = YES;
				CLANG_WARN_DEPRECATED_OBJC_IMPLEMENTATIONS = YES;
				CLANG_WARN_DIRECT_OBJC_ISA_USAGE = YES_ERROR;
				CLANG_WARN_DOCUMENTATION_COMMENTS = YES;
				CLANG_WARN_EMPTY_BODY = YES;
				CLANG_WARN_ENUM_CONVERSION = YES;
				CLANG_WARN_INFINITE_RECURSION = YES;
				CLANG_WARN_INT_CONVERSION = YES;
				CLANG_WARN_NON_LITERAL_NULL_CONVERSION = YES;
				CLANG_WARN_OBJC_IMPLICIT_RETAIN_SELF = YES;
				CLANG_WARN_OBJC_LITERAL_CONVERSION = YES;
				CLANG_WARN_OBJC_ROOT_CLASS = YES_ERROR;
				CLANG_WARN_QUOTED_INCLUDE_IN_FRAMEWORK_HEADER = YES;
				CLANG_WARN_RANGE_LOOP_ANALYSIS = YES;
				CLANG_WARN_STRICT_PROTOTYPES = YES;
				CLANG_WARN_SUSPICIOUS_MOVE = YES;
				CLANG_WARN_UNGUARDED_AVAILABILITY = YES_AGGRESSIVE;
				CLANG_WARN_UNREACHABLE_CODE = YES;
				CLANG_WARN__DUPLICATE_METHOD_MATCH = YES;
				COPY_PHASE_STRIP = NO;
				DEBUG_INFORMATION_FORMAT = dwarf;
				ENABLE_STRICT_OBJC_MSGSEND = YES;
				ENABLE_TESTABILITY = YES;
				GCC_C_LANGUAGE_STANDARD = gnu11;
				GCC_DYNAMIC_NO_PIC = NO;
				GCC_NO_COMMON_BLOCKS = YES;
				GCC_OPTIMIZATION_LEVEL = 0;
				GCC_PREPROCESSOR_DEFINITIONS = (
					"DEBUG=1",
					"$(inherited)",
				);
				GCC_WARN_64_TO_32_BIT_CONVERSION = YES;
				GCC_WARN_ABOUT_RETURN_TYPE = YES_ERROR;
				GCC_WARN_UNDECLARED_SELECTOR = YES;
				GCC_WARN_UNINITIALIZED_AUTOS = YES_AGGRESSIVE;
				GCC_WARN_UNUSED_FUNCTION = YES;
				GCC_WARN_UNUSED_VARIABLE = YES;
				MTL_ENABLE_DEBUG_INFO = INCLUDE_SOURCE;
				MTL_FAST_MATH = YES;
				ONLY_ACTIVE_ARCH = YES;
				SWIFT_ACTIVE_COMPILATION_CONDITIONS = DEBUG;
				SWIFT_OPTIMIZATION_LEVEL = "-Onone";
			};
			name = Debug;
		};
		4192575B2924CFB000668023 /* Release */ = {
			isa = XCBuildConfiguration;
			buildSettings = {
				ALWAYS_SEARCH_USER_PATHS = NO;
				CLANG_ANALYZER_NONNULL = YES;
				CLANG_ANALYZER_NUMBER_OBJECT_CONVERSION = YES_AGGRESSIVE;
				CLANG_CXX_LANGUAGE_STANDARD = "gnu++20";
				CLANG_ENABLE_MODULES = YES;
				CLANG_ENABLE_OBJC_ARC = YES;
				CLANG_ENABLE_OBJC_WEAK = YES;
				CLANG_WARN_BLOCK_CAPTURE_AUTORELEASING = YES;
				CLANG_WARN_BOOL_CONVERSION = YES;
				CLANG_WARN_COMMA = YES;
				CLANG_WARN_CONSTANT_CONVERSION = YES;
				CLANG_WARN_DEPRECATED_OBJC_IMPLEMENTATIONS = YES;
				CLANG_WARN_DIRECT_OBJC_ISA_USAGE = YES_ERROR;
				CLANG_WARN_DOCUMENTATION_COMMENTS = YES;
				CLANG_WARN_EMPTY_BODY = YES;
				CLANG_WARN_ENUM_CONVERSION = YES;
				CLANG_WARN_INFINITE_RECURSION = YES;
				CLANG_WARN_INT_CONVERSION = YES;
				CLANG_WARN_NON_LITERAL_NULL_CONVERSION = YES;
				CLANG_WARN_OBJC_IMPLICIT_RETAIN_SELF = YES;
				CLANG_WARN_OBJC_LITERAL_CONVERSION = YES;
				CLANG_WARN_OBJC_ROOT_CLASS = YES_ERROR;
				CLANG_WARN_QUOTED_INCLUDE_IN_FRAMEWORK_HEADER = YES;
				CLANG_WARN_RANGE_LOOP_ANALYSIS = YES;
				CLANG_WARN_STRICT_PROTOTYPES = YES;
				CLANG_WARN_SUSPICIOUS_MOVE = YES;
				CLANG_WARN_UNGUARDED_AVAILABILITY = YES_AGGRESSIVE;
				CLANG_WARN_UNREACHABLE_CODE = YES;
				CLANG_WARN__DUPLICATE_METHOD_MATCH = YES;
				COPY_PHASE_STRIP = NO;
				DEBUG_INFORMATION_FORMAT = "dwarf-with-dsym";
				ENABLE_NS_ASSERTIONS = NO;
				ENABLE_STRICT_OBJC_MSGSEND = YES;
				GCC_C_LANGUAGE_STANDARD = gnu11;
				GCC_NO_COMMON_BLOCKS = YES;
				GCC_WARN_64_TO_32_BIT_CONVERSION = YES;
				GCC_WARN_ABOUT_RETURN_TYPE = YES_ERROR;
				GCC_WARN_UNDECLARED_SELECTOR = YES;
				GCC_WARN_UNINITIALIZED_AUTOS = YES_AGGRESSIVE;
				GCC_WARN_UNUSED_FUNCTION = YES;
				GCC_WARN_UNUSED_VARIABLE = YES;
				MTL_ENABLE_DEBUG_INFO = NO;
				MTL_FAST_MATH = YES;
				SWIFT_COMPILATION_MODE = wholemodule;
				SWIFT_OPTIMIZATION_LEVEL = "-O";
			};
			name = Release;
		};
		4192575D2924CFB000668023 /* Debug */ = {
			isa = XCBuildConfiguration;
			baseConfigurationReference = AF9ECCAC873F261D95DE43BA /* Pods-Citadele-test.debug.xcconfig */;
			buildSettings = {
				ASSETCATALOG_COMPILER_APPICON_NAME = AppIcon;
				ASSETCATALOG_COMPILER_GLOBAL_ACCENT_COLOR_NAME = AccentColor;
				CODE_SIGN_ENTITLEMENTS = "Citadele-test/Citadele_test.entitlements";
				CODE_SIGN_STYLE = Automatic;
				CURRENT_PROJECT_VERSION = 1;
				DEVELOPMENT_ASSET_PATHS = "\"Citadele-test/Preview Content\"";
				ENABLE_PREVIEWS = YES;
				GENERATE_INFOPLIST_FILE = YES;
				"INFOPLIST_KEY_UIApplicationSceneManifest_Generation[sdk=iphoneos*]" = YES;
				"INFOPLIST_KEY_UIApplicationSceneManifest_Generation[sdk=iphonesimulator*]" = YES;
				"INFOPLIST_KEY_UIApplicationSupportsIndirectInputEvents[sdk=iphoneos*]" = YES;
				"INFOPLIST_KEY_UIApplicationSupportsIndirectInputEvents[sdk=iphonesimulator*]" = YES;
				"INFOPLIST_KEY_UILaunchScreen_Generation[sdk=iphoneos*]" = YES;
				"INFOPLIST_KEY_UILaunchScreen_Generation[sdk=iphonesimulator*]" = YES;
				"INFOPLIST_KEY_UIStatusBarStyle[sdk=iphoneos*]" = UIStatusBarStyleDefault;
				"INFOPLIST_KEY_UIStatusBarStyle[sdk=iphonesimulator*]" = UIStatusBarStyleDefault;
				INFOPLIST_KEY_UISupportedInterfaceOrientations_iPad = "UIInterfaceOrientationPortrait UIInterfaceOrientationPortraitUpsideDown UIInterfaceOrientationLandscapeLeft UIInterfaceOrientationLandscapeRight";
				INFOPLIST_KEY_UISupportedInterfaceOrientations_iPhone = "UIInterfaceOrientationPortrait UIInterfaceOrientationLandscapeLeft UIInterfaceOrientationLandscapeRight";
				IPHONEOS_DEPLOYMENT_TARGET = 15.0;
				LD_RUNPATH_SEARCH_PATHS = "@executable_path/Frameworks";
				"LD_RUNPATH_SEARCH_PATHS[sdk=macosx*]" = "@executable_path/../Frameworks";
				MACOSX_DEPLOYMENT_TARGET = 12.3;
				MARKETING_VERSION = 1.0;
				PRODUCT_BUNDLE_IDENTIFIER = "com.pavel.citadele.test.Citadele-test";
				PRODUCT_NAME = "$(TARGET_NAME)";
				SDKROOT = auto;
				SUPPORTED_PLATFORMS = "iphoneos iphonesimulator";
				SUPPORTS_MACCATALYST = NO;
				SUPPORTS_MAC_DESIGNED_FOR_IPHONE_IPAD = NO;
				SWIFT_EMIT_LOC_STRINGS = YES;
				SWIFT_VERSION = 5.0;
				TARGETED_DEVICE_FAMILY = 1;
			};
			name = Debug;
		};
		4192575E2924CFB000668023 /* Release */ = {
			isa = XCBuildConfiguration;
			baseConfigurationReference = AD305BD229036B67B053FF3A /* Pods-Citadele-test.release.xcconfig */;
			buildSettings = {
				ASSETCATALOG_COMPILER_APPICON_NAME = AppIcon;
				ASSETCATALOG_COMPILER_GLOBAL_ACCENT_COLOR_NAME = AccentColor;
				CODE_SIGN_ENTITLEMENTS = "Citadele-test/Citadele_test.entitlements";
				CODE_SIGN_STYLE = Automatic;
				CURRENT_PROJECT_VERSION = 1;
				DEVELOPMENT_ASSET_PATHS = "\"Citadele-test/Preview Content\"";
				ENABLE_PREVIEWS = YES;
				GENERATE_INFOPLIST_FILE = YES;
				"INFOPLIST_KEY_UIApplicationSceneManifest_Generation[sdk=iphoneos*]" = YES;
				"INFOPLIST_KEY_UIApplicationSceneManifest_Generation[sdk=iphonesimulator*]" = YES;
				"INFOPLIST_KEY_UIApplicationSupportsIndirectInputEvents[sdk=iphoneos*]" = YES;
				"INFOPLIST_KEY_UIApplicationSupportsIndirectInputEvents[sdk=iphonesimulator*]" = YES;
				"INFOPLIST_KEY_UILaunchScreen_Generation[sdk=iphoneos*]" = YES;
				"INFOPLIST_KEY_UILaunchScreen_Generation[sdk=iphonesimulator*]" = YES;
				"INFOPLIST_KEY_UIStatusBarStyle[sdk=iphoneos*]" = UIStatusBarStyleDefault;
				"INFOPLIST_KEY_UIStatusBarStyle[sdk=iphonesimulator*]" = UIStatusBarStyleDefault;
				INFOPLIST_KEY_UISupportedInterfaceOrientations_iPad = "UIInterfaceOrientationPortrait UIInterfaceOrientationPortraitUpsideDown UIInterfaceOrientationLandscapeLeft UIInterfaceOrientationLandscapeRight";
				INFOPLIST_KEY_UISupportedInterfaceOrientations_iPhone = "UIInterfaceOrientationPortrait UIInterfaceOrientationLandscapeLeft UIInterfaceOrientationLandscapeRight";
				IPHONEOS_DEPLOYMENT_TARGET = 15.0;
				LD_RUNPATH_SEARCH_PATHS = "@executable_path/Frameworks";
				"LD_RUNPATH_SEARCH_PATHS[sdk=macosx*]" = "@executable_path/../Frameworks";
				MACOSX_DEPLOYMENT_TARGET = 12.3;
				MARKETING_VERSION = 1.0;
				PRODUCT_BUNDLE_IDENTIFIER = "com.pavel.citadele.test.Citadele-test";
				PRODUCT_NAME = "$(TARGET_NAME)";
				SDKROOT = auto;
				SUPPORTED_PLATFORMS = "iphoneos iphonesimulator";
				SUPPORTS_MACCATALYST = NO;
				SUPPORTS_MAC_DESIGNED_FOR_IPHONE_IPAD = NO;
				SWIFT_EMIT_LOC_STRINGS = YES;
				SWIFT_VERSION = 5.0;
				TARGETED_DEVICE_FAMILY = 1;
			};
			name = Release;
		};
		419257602924CFB000668023 /* Debug */ = {
			isa = XCBuildConfiguration;
			baseConfigurationReference = 21AE00C05190E6928CAE3D76 /* Pods-Citadele-testTests.debug.xcconfig */;
			buildSettings = {
				ALWAYS_EMBED_SWIFT_STANDARD_LIBRARIES = YES;
				BUNDLE_LOADER = "$(TEST_HOST)";
				CODE_SIGN_STYLE = Automatic;
				CURRENT_PROJECT_VERSION = 1;
				GENERATE_INFOPLIST_FILE = YES;
				IPHONEOS_DEPLOYMENT_TARGET = 16.0;
				MACOSX_DEPLOYMENT_TARGET = 12.3;
				MARKETING_VERSION = 1.0;
				PRODUCT_BUNDLE_IDENTIFIER = "com.pavel.citadele.test.Citadele-testTests";
				PRODUCT_NAME = "$(TARGET_NAME)";
				SDKROOT = auto;
				SUPPORTED_PLATFORMS = "iphoneos iphonesimulator macosx";
				SWIFT_EMIT_LOC_STRINGS = NO;
				SWIFT_VERSION = 5.0;
				TARGETED_DEVICE_FAMILY = "1,2";
				TEST_HOST = "$(BUILT_PRODUCTS_DIR)/Citadele-test.app/$(BUNDLE_EXECUTABLE_FOLDER_PATH)/Citadele-test";
			};
			name = Debug;
		};
		419257612924CFB000668023 /* Release */ = {
			isa = XCBuildConfiguration;
			baseConfigurationReference = BDC4B74446BBDB20155B935B /* Pods-Citadele-testTests.release.xcconfig */;
			buildSettings = {
				ALWAYS_EMBED_SWIFT_STANDARD_LIBRARIES = YES;
				BUNDLE_LOADER = "$(TEST_HOST)";
				CODE_SIGN_STYLE = Automatic;
				CURRENT_PROJECT_VERSION = 1;
				GENERATE_INFOPLIST_FILE = YES;
				IPHONEOS_DEPLOYMENT_TARGET = 16.0;
				MACOSX_DEPLOYMENT_TARGET = 12.3;
				MARKETING_VERSION = 1.0;
				PRODUCT_BUNDLE_IDENTIFIER = "com.pavel.citadele.test.Citadele-testTests";
				PRODUCT_NAME = "$(TARGET_NAME)";
				SDKROOT = auto;
				SUPPORTED_PLATFORMS = "iphoneos iphonesimulator macosx";
				SWIFT_EMIT_LOC_STRINGS = NO;
				SWIFT_VERSION = 5.0;
				TARGETED_DEVICE_FAMILY = "1,2";
				TEST_HOST = "$(BUILT_PRODUCTS_DIR)/Citadele-test.app/$(BUNDLE_EXECUTABLE_FOLDER_PATH)/Citadele-test";
			};
			name = Release;
		};
		419257632924CFB000668023 /* Debug */ = {
			isa = XCBuildConfiguration;
			baseConfigurationReference = 918C15B742B28F80D313ACBE /* Pods-Citadele-test-Citadele-testUITests.debug.xcconfig */;
			buildSettings = {
				ALWAYS_EMBED_SWIFT_STANDARD_LIBRARIES = YES;
				CODE_SIGN_STYLE = Automatic;
				CURRENT_PROJECT_VERSION = 1;
				GENERATE_INFOPLIST_FILE = YES;
				IPHONEOS_DEPLOYMENT_TARGET = 16.0;
				MACOSX_DEPLOYMENT_TARGET = 12.3;
				MARKETING_VERSION = 1.0;
				PRODUCT_BUNDLE_IDENTIFIER = "com.pavel.citadele.test.Citadele-testUITests";
				PRODUCT_NAME = "$(TARGET_NAME)";
				SDKROOT = auto;
				SUPPORTED_PLATFORMS = "iphoneos iphonesimulator macosx";
				SWIFT_EMIT_LOC_STRINGS = NO;
				SWIFT_VERSION = 5.0;
				TARGETED_DEVICE_FAMILY = "1,2";
				TEST_TARGET_NAME = "Citadele-test";
			};
			name = Debug;
		};
		419257642924CFB000668023 /* Release */ = {
			isa = XCBuildConfiguration;
			baseConfigurationReference = 0F6B52B83B7D0AFE13805E16 /* Pods-Citadele-test-Citadele-testUITests.release.xcconfig */;
			buildSettings = {
				ALWAYS_EMBED_SWIFT_STANDARD_LIBRARIES = YES;
				CODE_SIGN_STYLE = Automatic;
				CURRENT_PROJECT_VERSION = 1;
				GENERATE_INFOPLIST_FILE = YES;
				IPHONEOS_DEPLOYMENT_TARGET = 16.0;
				MACOSX_DEPLOYMENT_TARGET = 12.3;
				MARKETING_VERSION = 1.0;
				PRODUCT_BUNDLE_IDENTIFIER = "com.pavel.citadele.test.Citadele-testUITests";
				PRODUCT_NAME = "$(TARGET_NAME)";
				SDKROOT = auto;
				SUPPORTED_PLATFORMS = "iphoneos iphonesimulator macosx";
				SWIFT_EMIT_LOC_STRINGS = NO;
				SWIFT_VERSION = 5.0;
				TARGETED_DEVICE_FAMILY = "1,2";
				TEST_TARGET_NAME = "Citadele-test";
			};
			name = Release;
		};
/* End XCBuildConfiguration section */

/* Begin XCConfigurationList section */
		419257322924CFAE00668023 /* Build configuration list for PBXProject "Citadele-test" */ = {
			isa = XCConfigurationList;
			buildConfigurations = (
				4192575A2924CFB000668023 /* Debug */,
				4192575B2924CFB000668023 /* Release */,
			);
			defaultConfigurationIsVisible = 0;
			defaultConfigurationName = Release;
		};
		4192575C2924CFB000668023 /* Build configuration list for PBXNativeTarget "Citadele-test" */ = {
			isa = XCConfigurationList;
			buildConfigurations = (
				4192575D2924CFB000668023 /* Debug */,
				4192575E2924CFB000668023 /* Release */,
			);
			defaultConfigurationIsVisible = 0;
			defaultConfigurationName = Release;
		};
		4192575F2924CFB000668023 /* Build configuration list for PBXNativeTarget "Citadele-testTests" */ = {
			isa = XCConfigurationList;
			buildConfigurations = (
				419257602924CFB000668023 /* Debug */,
				419257612924CFB000668023 /* Release */,
			);
			defaultConfigurationIsVisible = 0;
			defaultConfigurationName = Release;
		};
		419257622924CFB000668023 /* Build configuration list for PBXNativeTarget "Citadele-testUITests" */ = {
			isa = XCConfigurationList;
			buildConfigurations = (
				419257632924CFB000668023 /* Debug */,
				419257642924CFB000668023 /* Release */,
			);
			defaultConfigurationIsVisible = 0;
			defaultConfigurationName = Release;
		};
/* End XCConfigurationList section */
	};
	rootObject = 4192572F2924CFAE00668023 /* Project object */;
}
